
Microsoft Visual Studio Solution File, Format Version 12.00
# Visual Studio 15
VisualStudioVersion = 15.0.27703.2035
MinimumVisualStudioVersion = 10.0.40219.1
Project("{FAE04EC0-301F-11D3-BF4B-00C04F79EFBC}") = "CheapFlights", "CheapFlights\CheapFlights.csproj", "{31FA7D1D-A5EC-4AAE-AB9D-E5FEAC6C5C38}"
EndProject
Global
	GlobalSection(SolutionConfigurationPlatforms) = preSolution
		Debug|Any CPU = Debug|Any CPU
		Release|Any CPU = Release|Any CPU
	EndGlobalSection
	GlobalSection(ProjectConfigurationPlatforms) = postSolution
		{31FA7D1D-A5EC-4AAE-AB9D-E5FEAC6C5C38}.Debug|Any CPU.ActiveCfg = Debug|Any CPU
		{31FA7D1D-A5EC-4AAE-AB9D-E5FEAC6C5C38}.Debug|Any CPU.Build.0 = Debug|Any CPU
		{31FA7D1D-A5EC-4AAE-AB9D-E5FEAC6C5C38}.Release|Any CPU.ActiveCfg = Release|Any CPU
		{31FA7D1D-A5EC-4AAE-AB9D-E5FEAC6C5C38}.Release|Any CPU.Build.0 = Release|Any CPU
	EndGlobalSection
	GlobalSection(SolutionProperties) = preSolution
		HideSolutionNode = FALSE
	EndGlobalSection
	GlobalSection(ExtensibilityGlobals) = postSolution
		SolutionGuid = {827507F5-474C-427A-BB44-56CEFF1417AA}
	EndGlobalSection
EndGlobal
